// !$*UTF8*$!
{
	archiveVersion = 1;
	classes = {
	};
	objectVersion = 55;
	objects = {

/* Begin PBXBuildFile section */
		9A9D99E51F309351BA2DFF64 /* libPods-iTahDoodle.a in Frameworks */ = {isa = PBXBuildFile; fileRef = 7970E2B97A72DEC53A66560B /* libPods-iTahDoodle.a */; };
		9D78FDDE27A17C0100CB9778 /* TodoListModel.swift in Sources */ = {isa = PBXBuildFile; fileRef = 9D78FDDD27A17C0100CB9778 /* TodoListModel.swift */; };
		BCB554B4279547A200F68274 /* AppDelegate.swift in Sources */ = {isa = PBXBuildFile; fileRef = BCB554B3279547A200F68274 /* AppDelegate.swift */; };
		BCB554B6279547A200F68274 /* SceneDelegate.swift in Sources */ = {isa = PBXBuildFile; fileRef = BCB554B5279547A200F68274 /* SceneDelegate.swift */; };
		BCB554B8279547A200F68274 /* ViewController.swift in Sources */ = {isa = PBXBuildFile; fileRef = BCB554B7279547A200F68274 /* ViewController.swift */; };
		BCB554BB279547A200F68274 /* Main.storyboard in Resources */ = {isa = PBXBuildFile; fileRef = BCB554B9279547A200F68274 /* Main.storyboard */; };
		BCB554BD279547A300F68274 /* Assets.xcassets in Resources */ = {isa = PBXBuildFile; fileRef = BCB554BC279547A300F68274 /* Assets.xcassets */; };
		BCB554C0279547A300F68274 /* LaunchScreen.storyboard in Resources */ = {isa = PBXBuildFile; fileRef = BCB554BE279547A300F68274 /* LaunchScreen.storyboard */; };
/* End PBXBuildFile section */

/* Begin PBXFileReference section */
		1789D3C609AA63B92BC8F7D3 /* Pods-iTahDoodle.debug.xcconfig */ = {isa = PBXFileReference; includeInIndex = 1; lastKnownFileType = text.xcconfig; name = "Pods-iTahDoodle.debug.xcconfig"; path = "Target Support Files/Pods-iTahDoodle/Pods-iTahDoodle.debug.xcconfig"; sourceTree = "<group>"; };
		7970E2B97A72DEC53A66560B /* libPods-iTahDoodle.a */ = {isa = PBXFileReference; explicitFileType = archive.ar; includeInIndex = 0; path = "libPods-iTahDoodle.a"; sourceTree = BUILT_PRODUCTS_DIR; };
		9D78FDDD27A17C0100CB9778 /* TodoListModel.swift */ = {isa = PBXFileReference; lastKnownFileType = sourcecode.swift; path = TodoListModel.swift; sourceTree = "<group>"; };
		BCB554B0279547A200F68274 /* iTahDoodle.app */ = {isa = PBXFileReference; explicitFileType = wrapper.application; includeInIndex = 0; path = iTahDoodle.app; sourceTree = BUILT_PRODUCTS_DIR; };
		BCB554B3279547A200F68274 /* AppDelegate.swift */ = {isa = PBXFileReference; lastKnownFileType = sourcecode.swift; path = AppDelegate.swift; sourceTree = "<group>"; };
		BCB554B5279547A200F68274 /* SceneDelegate.swift */ = {isa = PBXFileReference; lastKnownFileType = sourcecode.swift; path = SceneDelegate.swift; sourceTree = "<group>"; };
		BCB554B7279547A200F68274 /* ViewController.swift */ = {isa = PBXFileReference; lastKnownFileType = sourcecode.swift; path = ViewController.swift; sourceTree = "<group>"; };
		BCB554BA279547A200F68274 /* Base */ = {isa = PBXFileReference; lastKnownFileType = file.storyboard; name = Base; path = Base.lproj/Main.storyboard; sourceTree = "<group>"; };
		BCB554BC279547A300F68274 /* Assets.xcassets */ = {isa = PBXFileReference; lastKnownFileType = folder.assetcatalog; path = Assets.xcassets; sourceTree = "<group>"; };
		BCB554BF279547A300F68274 /* Base */ = {isa = PBXFileReference; lastKnownFileType = file.storyboard; name = Base; path = Base.lproj/LaunchScreen.storyboard; sourceTree = "<group>"; };
		BCB554C1279547A300F68274 /* Info.plist */ = {isa = PBXFileReference; lastKnownFileType = text.plist.xml; path = Info.plist; sourceTree = "<group>"; };
		D18124140A1FAD45ACC07A62 /* Pods-iTahDoodle.release.xcconfig */ = {isa = PBXFileReference; includeInIndex = 1; lastKnownFileType = text.xcconfig; name = "Pods-iTahDoodle.release.xcconfig"; path = "Target Support Files/Pods-iTahDoodle/Pods-iTahDoodle.release.xcconfig"; sourceTree = "<group>"; };
/* End PBXFileReference section */

/* Begin PBXFrameworksBuildPhase section */
		BCB554AD279547A200F68274 /* Frameworks */ = {
			isa = PBXFrameworksBuildPhase;
			buildActionMask = 2147483647;
			files = (
				9A9D99E51F309351BA2DFF64 /* libPods-iTahDoodle.a in Frameworks */,
			);
			runOnlyForDeploymentPostprocessing = 0;
		};
/* End PBXFrameworksBuildPhase section */

/* Begin PBXGroup section */
		169F93D3B19D6849C4FB445E /* Frameworks */ = {
			isa = PBXGroup;
			children = (
				7970E2B97A72DEC53A66560B /* libPods-iTahDoodle.a */,
			);
			name = Frameworks;
			sourceTree = "<group>";
		};
		BCB554A7279547A200F68274 = {
			isa = PBXGroup;
			children = (
				BCB554B2279547A200F68274 /* iTahDoodle */,
				BCB554B1279547A200F68274 /* Products */,
				F64DB5B5E8A6501C987D42B9 /* Pods */,
				169F93D3B19D6849C4FB445E /* Frameworks */,
			);
			sourceTree = "<group>";
		};
		BCB554B1279547A200F68274 /* Products */ = {
			isa = PBXGroup;
			children = (
				BCB554B0279547A200F68274 /* iTahDoodle.app */,
			);
			name = Products;
			sourceTree = "<group>";
		};
		BCB554B2279547A200F68274 /* iTahDoodle */ = {
			isa = PBXGroup;
			children = (
				BCB554B3279547A200F68274 /* AppDelegate.swift */,
				BCB554B5279547A200F68274 /* SceneDelegate.swift */,
				BCB554B7279547A200F68274 /* ViewController.swift */,
				9D78FDDD27A17C0100CB9778 /* TodoListModel.swift */,
				BCC0D317279E84DB005BFE55 /* Supporting Files */,
			);
			path = iTahDoodle;
			sourceTree = "<group>";
		};
		BCC0D317279E84DB005BFE55 /* Supporting Files */ = {
			isa = PBXGroup;
			children = (
				BCB554B9279547A200F68274 /* Main.storyboard */,
				BCB554BC279547A300F68274 /* Assets.xcassets */,
				BCB554BE279547A300F68274 /* LaunchScreen.storyboard */,
				BCB554C1279547A300F68274 /* Info.plist */,
			);
			path = "Supporting Files";
			sourceTree = "<group>";
		};
		F64DB5B5E8A6501C987D42B9 /* Pods */ = {
			isa = PBXGroup;
			children = (
				1789D3C609AA63B92BC8F7D3 /* Pods-iTahDoodle.debug.xcconfig */,
				D18124140A1FAD45ACC07A62 /* Pods-iTahDoodle.release.xcconfig */,
			);
			name = Pods;
			path = ../Pods;
			sourceTree = "<group>";
		};
/* End PBXGroup section */

/* Begin PBXNativeTarget section */
		BCB554AF279547A200F68274 /* iTahDoodle */ = {
			isa = PBXNativeTarget;
			buildConfigurationList = BCB554C4279547A300F68274 /* Build configuration list for PBXNativeTarget "iTahDoodle" */;
			buildPhases = (
				60C83DDF6F57B07786F0290E /* [CP] Check Pods Manifest.lock */,
				BCB554AC279547A200F68274 /* Sources */,
				BCB554AD279547A200F68274 /* Frameworks */,
				BCB554AE279547A200F68274 /* Resources */,
			);
			buildRules = (
			);
			dependencies = (
			);
			name = iTahDoodle;
			productName = iTahDoodle;
			productReference = BCB554B0279547A200F68274 /* iTahDoodle.app */;
			productType = "com.apple.product-type.application";
		};
/* End PBXNativeTarget section */

/* Begin PBXProject section */
		BCB554A8279547A200F68274 /* Project object */ = {
			isa = PBXProject;
			attributes = {
				BuildIndependentTargetsInParallel = 1;
				LastSwiftUpdateCheck = 1320;
				LastUpgradeCheck = 1320;
				TargetAttributes = {
					BCB554AF279547A200F68274 = {
						CreatedOnToolsVersion = 13.2.1;
					};
				};
			};
			buildConfigurationList = BCB554AB279547A200F68274 /* Build configuration list for PBXProject "iTahDoodle" */;
			compatibilityVersion = "Xcode 13.0";
			developmentRegion = en;
			hasScannedForEncodings = 0;
			knownRegions = (
				en,
				Base,
			);
			mainGroup = BCB554A7279547A200F68274;
			productRefGroup = BCB554B1279547A200F68274 /* Products */;
			projectDirPath = "";
			projectRoot = "";
			targets = (
				BCB554AF279547A200F68274 /* iTahDoodle */,
			);
		};
/* End PBXProject section */

/* Begin PBXResourcesBuildPhase section */
		BCB554AE279547A200F68274 /* Resources */ = {
			isa = PBXResourcesBuildPhase;
			buildActionMask = 2147483647;
			files = (
				BCB554C0279547A300F68274 /* LaunchScreen.storyboard in Resources */,
				BCB554BD279547A300F68274 /* Assets.xcassets in Resources */,
				BCB554BB279547A200F68274 /* Main.storyboard in Resources */,
			);
			runOnlyForDeploymentPostprocessing = 0;
		};
/* End PBXResourcesBuildPhase section */

/* Begin PBXShellScriptBuildPhase section */
		60C83DDF6F57B07786F0290E /* [CP] Check Pods Manifest.lock */ = {
			isa = PBXShellScriptBuildPhase;
			buildActionMask = 2147483647;
			files = (
			);
			inputFileListPaths = (
			);
			inputPaths = (
				"${PODS_PODFILE_DIR_PATH}/Podfile.lock",
				"${PODS_ROOT}/Manifest.lock",
			);
			name = "[CP] Check Pods Manifest.lock";
			outputFileListPaths = (
			);
			outputPaths = (
				"$(DERIVED_FILE_DIR)/Pods-iTahDoodle-checkManifestLockResult.txt",
			);
			runOnlyForDeploymentPostprocessing = 0;
			shellPath = /bin/sh;
			shellScript = "diff \"${PODS_PODFILE_DIR_PATH}/Podfile.lock\" \"${PODS_ROOT}/Manifest.lock\" > /dev/null\nif [ $? != 0 ] ; then\n    # print error to STDERR\n    echo \"error: The sandbox is not in sync with the Podfile.lock. Run 'pod install' or update your CocoaPods installation.\" >&2\n    exit 1\nfi\n# This output is used by Xcode 'outputs' to avoid re-running this script phase.\necho \"SUCCESS\" > \"${SCRIPT_OUTPUT_FILE_0}\"\n";
			showEnvVarsInLog = 0;
		};
/* End PBXShellScriptBuildPhase section */

/* Begin PBXSourcesBuildPhase section */
		BCB554AC279547A200F68274 /* Sources */ = {
			isa = PBXSourcesBuildPhase;
			buildActionMask = 2147483647;
			files = (
				BCB554B8279547A200F68274 /* ViewController.swift in Sources */,
				9D78FDDE27A17C0100CB9778 /* TodoListModel.swift in Sources */,
				BCB554B4279547A200F68274 /* AppDelegate.swift in Sources */,
				BCB554B6279547A200F68274 /* SceneDelegate.swift in Sources */,
			);
			runOnlyForDeploymentPostprocessing = 0;
		};
/* End PBXSourcesBuildPhase section */

/* Begin PBXVariantGroup section */
		BCB554B9279547A200F68274 /* Main.storyboard */ = {
			isa = PBXVariantGroup;
			children = (
				BCB554BA279547A200F68274 /* Base */,
			);
			name = Main.storyboard;
			sourceTree = "<group>";
		};
		BCB554BE279547A300F68274 /* LaunchScreen.storyboard */ = {
			isa = PBXVariantGroup;
			children = (
				BCB554BF279547A300F68274 /* Base */,
			);
			name = LaunchScreen.storyboard;
			sourceTree = "<group>";
		};
/* End PBXVariantGroup section */

/* Begin XCBuildConfiguration section */
		BCB554C2279547A300F68274 /* Debug */ = {
			isa = XCBuildConfiguration;
			buildSettings = {
				ALWAYS_SEARCH_USER_PATHS = NO;
				CLANG_ANALYZER_NONNULL = YES;
				CLANG_ANALYZER_NUMBER_OBJECT_CONVERSION = YES_AGGRESSIVE;
				CLANG_CXX_LANGUAGE_STANDARD = "gnu++17";
				CLANG_CXX_LIBRARY = "libc++";
				CLANG_ENABLE_MODULES = YES;
				CLANG_ENABLE_OBJC_ARC = YES;
				CLANG_ENABLE_OBJC_WEAK = YES;
				CLANG_WARN_BLOCK_CAPTURE_AUTORELEASING = YES;
				CLANG_WARN_BOOL_CONVERSION = YES;
				CLANG_WARN_COMMA = YES;
				CLANG_WARN_CONSTANT_CONVERSION = YES;
				CLANG_WARN_DEPRECATED_OBJC_IMPLEMENTATIONS = YES;
				CLANG_WARN_DIRECT_OBJC_ISA_USAGE = YES_ERROR;
				CLANG_WARN_DOCUMENTATION_COMMENTS = YES;
				CLANG_WARN_EMPTY_BODY = YES;
				CLANG_WARN_ENUM_CONVERSION = YES;
				CLANG_WARN_INFINITE_RECURSION = YES;
				CLANG_WARN_INT_CONVERSION = YES;
				CLANG_WARN_NON_LITERAL_NULL_CONVERSION = YES;
				CLANG_WARN_OBJC_IMPLICIT_RETAIN_SELF = YES;
				CLANG_WARN_OBJC_LITERAL_CONVERSION = YES;
				CLANG_WARN_OBJC_ROOT_CLASS = YES_ERROR;
				CLANG_WARN_QUOTED_INCLUDE_IN_FRAMEWORK_HEADER = YES;
				CLANG_WARN_RANGE_LOOP_ANALYSIS = YES;
				CLANG_WARN_STRICT_PROTOTYPES = YES;
				CLANG_WARN_SUSPICIOUS_MOVE = YES;
				CLANG_WARN_UNGUARDED_AVAILABILITY = YES_AGGRESSIVE;
				CLANG_WARN_UNREACHABLE_CODE = YES;
				CLANG_WARN__DUPLICATE_METHOD_MATCH = YES;
				COPY_PHASE_STRIP = NO;
				DEBUG_INFORMATION_FORMAT = dwarf;
				ENABLE_STRICT_OBJC_MSGSEND = YES;
				ENABLE_TESTABILITY = YES;
				GCC_C_LANGUAGE_STANDARD = gnu11;
				GCC_DYNAMIC_NO_PIC = NO;
				GCC_NO_COMMON_BLOCKS = YES;
				GCC_OPTIMIZATION_LEVEL = 0;
				GCC_PREPROCESSOR_DEFINITIONS = (
					"DEBUG=1",
					"$(inherited)",
				);
				GCC_WARN_64_TO_32_BIT_CONVERSION = YES;
				GCC_WARN_ABOUT_RETURN_TYPE = YES_ERROR;
				GCC_WARN_UNDECLARED_SELECTOR = YES;
				GCC_WARN_UNINITIALIZED_AUTOS = YES_AGGRESSIVE;
				GCC_WARN_UNUSED_FUNCTION = YES;
				GCC_WARN_UNUSED_VARIABLE = YES;
				IPHONEOS_DEPLOYMENT_TARGET = 15.2;
				MTL_ENABLE_DEBUG_INFO = INCLUDE_SOURCE;
				MTL_FAST_MATH = YES;
				ONLY_ACTIVE_ARCH = YES;
				SDKROOT = iphoneos;
				SWIFT_ACTIVE_COMPILATION_CONDITIONS = DEBUG;
				SWIFT_OPTIMIZATION_LEVEL = "-Onone";
			};
			name = Debug;
		};
		BCB554C3279547A300F68274 /* Release */ = {
			isa = XCBuildConfiguration;
			buildSettings = {
				ALWAYS_SEARCH_USER_PATHS = NO;
				CLANG_ANALYZER_NONNULL = YES;
				CLANG_ANALYZER_NUMBER_OBJECT_CONVERSION = YES_AGGRESSIVE;
				CLANG_CXX_LANGUAGE_STANDARD = "gnu++17";
				CLANG_CXX_LIBRARY = "libc++";
				CLANG_ENABLE_MODULES = YES;
				CLANG_ENABLE_OBJC_ARC = YES;
				CLANG_ENABLE_OBJC_WEAK = YES;
				CLANG_WARN_BLOCK_CAPTURE_AUTORELEASING = YES;
				CLANG_WARN_BOOL_CONVERSION = YES;
				CLANG_WARN_COMMA = YES;
				CLANG_WARN_CONSTANT_CONVERSION = YES;
				CLANG_WARN_DEPRECATED_OBJC_IMPLEMENTATIONS = YES;
				CLANG_WARN_DIRECT_OBJC_ISA_USAGE = YES_ERROR;
				CLANG_WARN_DOCUMENTATION_COMMENTS = YES;
				CLANG_WARN_EMPTY_BODY = YES;
				CLANG_WARN_ENUM_CONVERSION = YES;
				CLANG_WARN_INFINITE_RECURSION = YES;
				CLANG_WARN_INT_CONVERSION = YES;
				CLANG_WARN_NON_LITERAL_NULL_CONVERSION = YES;
				CLANG_WARN_OBJC_IMPLICIT_RETAIN_SELF = YES;
				CLANG_WARN_OBJC_LITERAL_CONVERSION = YES;
				CLANG_WARN_OBJC_ROOT_CLASS = YES_ERROR;
				CLANG_WARN_QUOTED_INCLUDE_IN_FRAMEWORK_HEADER = YES;
				CLANG_WARN_RANGE_LOOP_ANALYSIS = YES;
				CLANG_WARN_STRICT_PROTOTYPES = YES;
				CLANG_WARN_SUSPICIOUS_MOVE = YES;
				CLANG_WARN_UNGUARDED_AVAILABILITY = YES_AGGRESSIVE;
				CLANG_WARN_UNREACHABLE_CODE = YES;
				CLANG_WARN__DUPLICATE_METHOD_MATCH = YES;
				COPY_PHASE_STRIP = NO;
				DEBUG_INFORMATION_FORMAT = "dwarf-with-dsym";
				ENABLE_NS_ASSERTIONS = NO;
				ENABLE_STRICT_OBJC_MSGSEND = YES;
				GCC_C_LANGUAGE_STANDARD = gnu11;
				GCC_NO_COMMON_BLOCKS = YES;
				GCC_WARN_64_TO_32_BIT_CONVERSION = YES;
				GCC_WARN_ABOUT_RETURN_TYPE = YES_ERROR;
				GCC_WARN_UNDECLARED_SELECTOR = YES;
				GCC_WARN_UNINITIALIZED_AUTOS = YES_AGGRESSIVE;
				GCC_WARN_UNUSED_FUNCTION = YES;
				GCC_WARN_UNUSED_VARIABLE = YES;
				IPHONEOS_DEPLOYMENT_TARGET = 15.2;
				MTL_ENABLE_DEBUG_INFO = NO;
				MTL_FAST_MATH = YES;
				SDKROOT = iphoneos;
				SWIFT_COMPILATION_MODE = wholemodule;
				SWIFT_OPTIMIZATION_LEVEL = "-O";
				VALIDATE_PRODUCT = YES;
			};
			name = Release;
		};
		BCB554C5279547A300F68274 /* Debug */ = {
			isa = XCBuildConfiguration;
			baseConfigurationReference = 1789D3C609AA63B92BC8F7D3 /* Pods-iTahDoodle.debug.xcconfig */;
			buildSettings = {
				ASSETCATALOG_COMPILER_APPICON_NAME = AppIcon;
				ASSETCATALOG_COMPILER_GLOBAL_ACCENT_COLOR_NAME = AccentColor;
				CODE_SIGN_STYLE = Automatic;
				CURRENT_PROJECT_VERSION = 1;
				DEVELOPMENT_TEAM = 5UCYX7SGSA;
				GENERATE_INFOPLIST_FILE = YES;
				INFOPLIST_FILE = "iTahDoodle/Supporting Files/Info.plist";
				INFOPLIST_KEY_UIApplicationSupportsIndirectInputEvents = YES;
				INFOPLIST_KEY_UILaunchStoryboardName = LaunchScreen;
				INFOPLIST_KEY_UIMainStoryboardFile = Main;
				INFOPLIST_KEY_UISupportedInterfaceOrientations_iPad = "UIInterfaceOrientationPortrait UIInterfaceOrientationPortraitUpsideDown UIInterfaceOrientationLandscapeLeft UIInterfaceOrientationLandscapeRight";
				INFOPLIST_KEY_UISupportedInterfaceOrientations_iPhone = "UIInterfaceOrientationPortrait UIInterfaceOrientationLandscapeLeft UIInterfaceOrientationLandscapeRight";
				LD_RUNPATH_SEARCH_PATHS = (
					"$(inherited)",
					"@executable_path/Frameworks",
				);
				MARKETING_VERSION = 1.0;
				PRODUCT_BUNDLE_IDENTIFIER = com.yongqin.iTahDoodle;
				PRODUCT_NAME = "$(TARGET_NAME)";
				SWIFT_EMIT_LOC_STRINGS = YES;
				SWIFT_VERSION = 5.0;
				TARGETED_DEVICE_FAMILY = "1,2";
			};
			name = Debug;
		};
		BCB554C6279547A300F68274 /* Release */ = {
			isa = XCBuildConfiguration;
			baseConfigurationReference = D18124140A1FAD45ACC07A62 /* Pods-iTahDoodle.release.xcconfig */;
			buildSettings = {
				ASSETCATALOG_COMPILER_APPICON_NAME = AppIcon;
				ASSETCATALOG_COMPILER_GLOBAL_ACCENT_COLOR_NAME = AccentColor;
				CODE_SIGN_STYLE = Automatic;
				CURRENT_PROJECT_VERSION = 1;
				DEVELOPMENT_TEAM = 5UCYX7SGSA;
				GENERATE_INFOPLIST_FILE = YES;
				INFOPLIST_FILE = "iTahDoodle/Supporting Files/Info.plist";
				INFOPLIST_KEY_UIApplicationSupportsIndirectInputEvents = YES;
				INFOPLIST_KEY_UILaunchStoryboardName = LaunchScreen;
				INFOPLIST_KEY_UIMainStoryboardFile = Main;
				INFOPLIST_KEY_UISupportedInterfaceOrientations_iPad = "UIInterfaceOrientationPortrait UIInterfaceOrientationPortraitUpsideDown UIInterfaceOrientationLandscapeLeft UIInterfaceOrientationLandscapeRight";
				INFOPLIST_KEY_UISupportedInterfaceOrientations_iPhone = "UIInterfaceOrientationPortrait UIInterfaceOrientationLandscapeLeft UIInterfaceOrientationLandscapeRight";
				LD_RUNPATH_SEARCH_PATHS = (
					"$(inherited)",
					"@executable_path/Frameworks",
				);
				MARKETING_VERSION = 1.0;
				PRODUCT_BUNDLE_IDENTIFIER = com.yongqin.iTahDoodle;
				PRODUCT_NAME = "$(TARGET_NAME)";
				SWIFT_EMIT_LOC_STRINGS = YES;
				SWIFT_VERSION = 5.0;
				TARGETED_DEVICE_FAMILY = "1,2";
			};
			name = Release;
		};
/* End XCBuildConfiguration section */

/* Begin XCConfigurationList section */
		BCB554AB279547A200F68274 /* Build configuration list for PBXProject "iTahDoodle" */ = {
			isa = XCConfigurationList;
			buildConfigurations = (
				BCB554C2279547A300F68274 /* Debug */,
				BCB554C3279547A300F68274 /* Release */,
			);
			defaultConfigurationIsVisible = 0;
			defaultConfigurationName = Release;
		};
		BCB554C4279547A300F68274 /* Build configuration list for PBXNativeTarget "iTahDoodle" */ = {
			isa = XCConfigurationList;
			buildConfigurations = (
				BCB554C5279547A300F68274 /* Debug */,
				BCB554C6279547A300F68274 /* Release */,
			);
			defaultConfigurationIsVisible = 0;
			defaultConfigurationName = Release;
		};
/* End XCConfigurationList section */
	};
	rootObject = BCB554A8279547A200F68274 /* Project object */;
}
